
Microsoft Visual Studio Solution File, Format Version 12.00
# Visual Studio Version 16
VisualStudioVersion = 16.0.30907.101
MinimumVisualStudioVersion = 10.0.40219.1
Project("{FAE04EC0-301F-11D3-BF4B-00C04F79EFBC}") = "Example2", "Example2\Example2.csproj", "{2E46FAF5-47D7-47B0-94EC-F30A35470BE1}"
EndProject
Global
	GlobalSection(SolutionConfigurationPlatforms) = preSolution
		Debug|Any CPU = Debug|Any CPU
		Release|Any CPU = Release|Any CPU
	EndGlobalSection
	GlobalSection(ProjectConfigurationPlatforms) = postSolution
		{2E46FAF5-47D7-47B0-94EC-F30A35470BE1}.Debug|Any CPU.ActiveCfg = Debug|Any CPU
		{2E46FAF5-47D7-47B0-94EC-F30A35470BE1}.Debug|Any CPU.Build.0 = Debug|Any CPU
		{2E46FAF5-47D7-47B0-94EC-F30A35470BE1}.Release|Any CPU.ActiveCfg = Release|Any CPU
		{2E46FAF5-47D7-47B0-94EC-F30A35470BE1}.Release|Any CPU.Build.0 = Release|Any CPU
	EndGlobalSection
	GlobalSection(SolutionProperties) = preSolution
		HideSolutionNode = FALSE
	EndGlobalSection
	GlobalSection(ExtensibilityGlobals) = postSolution
		SolutionGuid = {C003C64F-C1F4-4F3D-B4F2-1C827171E737}
	EndGlobalSection
EndGlobal
