
Microsoft Visual Studio Solution File, Format Version 12.00
# Visual Studio Version 16
VisualStudioVersion = 16.0.30907.101
MinimumVisualStudioVersion = 10.0.40219.1
Project("{FAE04EC0-301F-11D3-BF4B-00C04F79EFBC}") = "Example1", "Example1\Example1.csproj", "{CCC19390-90BD-472E-859A-ECBF8EF1C332}"
EndProject
Project("{FAE04EC0-301F-11D3-BF4B-00C04F79EFBC}") = "Example2", "Example2\Example2.csproj", "{CE3D5406-110C-4AC0-87F1-953C02206E77}"
EndProject
Global
	GlobalSection(SolutionConfigurationPlatforms) = preSolution
		Debug|Any CPU = Debug|Any CPU
		Release|Any CPU = Release|Any CPU
	EndGlobalSection
	GlobalSection(ProjectConfigurationPlatforms) = postSolution
		{CCC19390-90BD-472E-859A-ECBF8EF1C332}.Debug|Any CPU.ActiveCfg = Debug|Any CPU
		{CCC19390-90BD-472E-859A-ECBF8EF1C332}.Debug|Any CPU.Build.0 = Debug|Any CPU
		{CCC19390-90BD-472E-859A-ECBF8EF1C332}.Release|Any CPU.ActiveCfg = Release|Any CPU
		{CCC19390-90BD-472E-859A-ECBF8EF1C332}.Release|Any CPU.Build.0 = Release|Any CPU
		{CE3D5406-110C-4AC0-87F1-953C02206E77}.Debug|Any CPU.ActiveCfg = Debug|Any CPU
		{CE3D5406-110C-4AC0-87F1-953C02206E77}.Debug|Any CPU.Build.0 = Debug|Any CPU
		{CE3D5406-110C-4AC0-87F1-953C02206E77}.Release|Any CPU.ActiveCfg = Release|Any CPU
		{CE3D5406-110C-4AC0-87F1-953C02206E77}.Release|Any CPU.Build.0 = Release|Any CPU
	EndGlobalSection
	GlobalSection(SolutionProperties) = preSolution
		HideSolutionNode = FALSE
	EndGlobalSection
	GlobalSection(ExtensibilityGlobals) = postSolution
		SolutionGuid = {6A1ADE98-011F-4994-B584-5BD8896BB7A8}
	EndGlobalSection
EndGlobal
