
Microsoft Visual Studio Solution File, Format Version 12.00
# Visual Studio Version 16
VisualStudioVersion = 16.0.30907.101
MinimumVisualStudioVersion = 10.0.40219.1
Project("{FAE04EC0-301F-11D3-BF4B-00C04F79EFBC}") = "Sample1", "Sample1.csproj", "{9BA93895-88CE-46AC-8840-709F6BAF3C9B}"
EndProject
Project("{FAE04EC0-301F-11D3-BF4B-00C04F79EFBC}") = "Sample2", "..\Sample2\Sample2.csproj", "{0988DD8E-6423-4816-AD5E-4CD0CB9E995F}"
EndProject
Global
	GlobalSection(SolutionConfigurationPlatforms) = preSolution
		Debug|Any CPU = Debug|Any CPU
		Release|Any CPU = Release|Any CPU
	EndGlobalSection
	GlobalSection(ProjectConfigurationPlatforms) = postSolution
		{9BA93895-88CE-46AC-8840-709F6BAF3C9B}.Debug|Any CPU.ActiveCfg = Debug|Any CPU
		{9BA93895-88CE-46AC-8840-709F6BAF3C9B}.Debug|Any CPU.Build.0 = Debug|Any CPU
		{9BA93895-88CE-46AC-8840-709F6BAF3C9B}.Release|Any CPU.ActiveCfg = Release|Any CPU
		{9BA93895-88CE-46AC-8840-709F6BAF3C9B}.Release|Any CPU.Build.0 = Release|Any CPU
		{0988DD8E-6423-4816-AD5E-4CD0CB9E995F}.Debug|Any CPU.ActiveCfg = Debug|Any CPU
		{0988DD8E-6423-4816-AD5E-4CD0CB9E995F}.Debug|Any CPU.Build.0 = Debug|Any CPU
		{0988DD8E-6423-4816-AD5E-4CD0CB9E995F}.Release|Any CPU.ActiveCfg = Release|Any CPU
		{0988DD8E-6423-4816-AD5E-4CD0CB9E995F}.Release|Any CPU.Build.0 = Release|Any CPU
	EndGlobalSection
	GlobalSection(SolutionProperties) = preSolution
		HideSolutionNode = FALSE
	EndGlobalSection
	GlobalSection(ExtensibilityGlobals) = postSolution
		SolutionGuid = {7C1CAD93-78C2-4530-A1C6-205E48BAB345}
	EndGlobalSection
EndGlobal
